
Microsoft Visual Studio Solution File, Format Version 12.00
# Visual Studio Version 16
VisualStudioVersion = 16.0.30804.86
MinimumVisualStudioVersion = 10.0.40219.1
Project("{FAE04EC0-301F-11D3-BF4B-00C04F79EFBC}") = "DnD 0.3", "DnD 0.3\DnD 0.3.csproj", "{CADFC87F-60D8-4885-8B99-BE75C60E37DA}"
EndProject
Global
	GlobalSection(SolutionConfigurationPlatforms) = preSolution
		Debug|Any CPU = Debug|Any CPU
		Release|Any CPU = Release|Any CPU
	EndGlobalSection
	GlobalSection(ProjectConfigurationPlatforms) = postSolution
		{CADFC87F-60D8-4885-8B99-BE75C60E37DA}.Debug|Any CPU.ActiveCfg = Debug|Any CPU
		{CADFC87F-60D8-4885-8B99-BE75C60E37DA}.Debug|Any CPU.Build.0 = Debug|Any CPU
		{CADFC87F-60D8-4885-8B99-BE75C60E37DA}.Release|Any CPU.ActiveCfg = Release|Any CPU
		{CADFC87F-60D8-4885-8B99-BE75C60E37DA}.Release|Any CPU.Build.0 = Release|Any CPU
	EndGlobalSection
	GlobalSection(SolutionProperties) = preSolution
		HideSolutionNode = FALSE
	EndGlobalSection
	GlobalSection(ExtensibilityGlobals) = postSolution
		SolutionGuid = {7FD5FEAD-7585-4E07-A946-C5488D747C9B}
	EndGlobalSection
EndGlobal
